// !$*UTF8*$!
{
	archiveVersion = 1;
	classes = {
	};
	objectVersion = 50;
	objects = {

/* Begin PBXBuildFile section */
		AA017C7F2168E3DD00370F62 /* CharactersListVC.swift in Sources */ = {isa = PBXBuildFile; fileRef = AA017C7E2168E3DD00370F62 /* CharactersListVC.swift */; };
		AA017C822168E61400370F62 /* UIViewController+Extensions.swift in Sources */ = {isa = PBXBuildFile; fileRef = AA017C812168E61400370F62 /* UIViewController+Extensions.swift */; };
		AA017C852168E6D000370F62 /* CreateCharacterVC.swift in Sources */ = {isa = PBXBuildFile; fileRef = AA017C842168E6D000370F62 /* CreateCharacterVC.swift */; };
		AA017C872168F63900370F62 /* CharactersListVC+CreateCharacter.swift in Sources */ = {isa = PBXBuildFile; fileRef = AA017C862168F63900370F62 /* CharactersListVC+CreateCharacter.swift */; };
		AA1BB7EE21616B820038185C /* AnimeCell.swift in Sources */ = {isa = PBXBuildFile; fileRef = AA1BB7ED21616B820038185C /* AnimeCell.swift */; };
		AA1BB7F12161746D0038185C /* AnimeListVC+CreateAnime.swift in Sources */ = {isa = PBXBuildFile; fileRef = AA1BB7F02161746D0038185C /* AnimeListVC+CreateAnime.swift */; };
		AA1BB7F3216174E50038185C /* AnimeListVC+UITableView.swift in Sources */ = {isa = PBXBuildFile; fileRef = AA1BB7F2216174E50038185C /* AnimeListVC+UITableView.swift */; };
		AA6298F6215FA81D006C50AB /* AppDelegate.swift in Sources */ = {isa = PBXBuildFile; fileRef = AA6298F5215FA81D006C50AB /* AppDelegate.swift */; };
		AA6298F8215FA81D006C50AB /* AnimesListVC.swift in Sources */ = {isa = PBXBuildFile; fileRef = AA6298F7215FA81D006C50AB /* AnimesListVC.swift */; };
		AA6298FB215FA81D006C50AB /* Main.storyboard in Resources */ = {isa = PBXBuildFile; fileRef = AA6298F9215FA81D006C50AB /* Main.storyboard */; };
		AA6298FD215FA81D006C50AB /* Assets.xcassets in Resources */ = {isa = PBXBuildFile; fileRef = AA6298FC215FA81D006C50AB /* Assets.xcassets */; };
		AA629900215FA81D006C50AB /* LaunchScreen.storyboard in Resources */ = {isa = PBXBuildFile; fileRef = AA6298FE215FA81D006C50AB /* LaunchScreen.storyboard */; };
		AA629908215FB00B006C50AB /* UIColor+Theme.swift in Sources */ = {isa = PBXBuildFile; fileRef = AA629907215FB00B006C50AB /* UIColor+Theme.swift */; };
		AA62990C215FB5BA006C50AB /* CreateAnimeVC.swift in Sources */ = {isa = PBXBuildFile; fileRef = AA62990B215FB5BA006C50AB /* CreateAnimeVC.swift */; };
		AA629912215FC87A006C50AB /* TopAnimeModels.xcdatamodeld in Sources */ = {isa = PBXBuildFile; fileRef = AA629910215FC87A006C50AB /* TopAnimeModels.xcdatamodeld */; };
		AA629914215FD017006C50AB /* CoreDataManager.swift in Sources */ = {isa = PBXBuildFile; fileRef = AA629913215FD017006C50AB /* CoreDataManager.swift */; };
/* End PBXBuildFile section */

/* Begin PBXFileReference section */
		AA017C7E2168E3DD00370F62 /* CharactersListVC.swift */ = {isa = PBXFileReference; lastKnownFileType = sourcecode.swift; path = CharactersListVC.swift; sourceTree = "<group>"; };
		AA017C812168E61400370F62 /* UIViewController+Extensions.swift */ = {isa = PBXFileReference; lastKnownFileType = sourcecode.swift; path = "UIViewController+Extensions.swift"; sourceTree = "<group>"; };
		AA017C842168E6D000370F62 /* CreateCharacterVC.swift */ = {isa = PBXFileReference; lastKnownFileType = sourcecode.swift; path = CreateCharacterVC.swift; sourceTree = "<group>"; };
		AA017C862168F63900370F62 /* CharactersListVC+CreateCharacter.swift */ = {isa = PBXFileReference; lastKnownFileType = sourcecode.swift; path = "CharactersListVC+CreateCharacter.swift"; sourceTree = "<group>"; };
		AA1BB7ED21616B820038185C /* AnimeCell.swift */ = {isa = PBXFileReference; lastKnownFileType = sourcecode.swift; path = AnimeCell.swift; sourceTree = "<group>"; };
		AA1BB7F02161746D0038185C /* AnimeListVC+CreateAnime.swift */ = {isa = PBXFileReference; lastKnownFileType = sourcecode.swift; path = "AnimeListVC+CreateAnime.swift"; sourceTree = "<group>"; };
		AA1BB7F2216174E50038185C /* AnimeListVC+UITableView.swift */ = {isa = PBXFileReference; lastKnownFileType = sourcecode.swift; path = "AnimeListVC+UITableView.swift"; sourceTree = "<group>"; };
		AA6298F2215FA81D006C50AB /* TopAnime.app */ = {isa = PBXFileReference; explicitFileType = wrapper.application; includeInIndex = 0; path = TopAnime.app; sourceTree = BUILT_PRODUCTS_DIR; };
		AA6298F5215FA81D006C50AB /* AppDelegate.swift */ = {isa = PBXFileReference; lastKnownFileType = sourcecode.swift; path = AppDelegate.swift; sourceTree = "<group>"; };
		AA6298F7215FA81D006C50AB /* AnimesListVC.swift */ = {isa = PBXFileReference; lastKnownFileType = sourcecode.swift; path = AnimesListVC.swift; sourceTree = "<group>"; };
		AA6298FA215FA81D006C50AB /* Base */ = {isa = PBXFileReference; lastKnownFileType = file.storyboard; name = Base; path = Base.lproj/Main.storyboard; sourceTree = "<group>"; };
		AA6298FC215FA81D006C50AB /* Assets.xcassets */ = {isa = PBXFileReference; lastKnownFileType = folder.assetcatalog; path = Assets.xcassets; sourceTree = "<group>"; };
		AA6298FF215FA81D006C50AB /* Base */ = {isa = PBXFileReference; lastKnownFileType = file.storyboard; name = Base; path = Base.lproj/LaunchScreen.storyboard; sourceTree = "<group>"; };
		AA629901215FA81D006C50AB /* Info.plist */ = {isa = PBXFileReference; lastKnownFileType = text.plist.xml; path = Info.plist; sourceTree = "<group>"; };
		AA629907215FB00B006C50AB /* UIColor+Theme.swift */ = {isa = PBXFileReference; lastKnownFileType = sourcecode.swift; path = "UIColor+Theme.swift"; sourceTree = "<group>"; };
		AA62990B215FB5BA006C50AB /* CreateAnimeVC.swift */ = {isa = PBXFileReference; lastKnownFileType = sourcecode.swift; path = CreateAnimeVC.swift; sourceTree = "<group>"; };
		AA629911215FC87A006C50AB /* TopAnimeModels.xcdatamodel */ = {isa = PBXFileReference; lastKnownFileType = wrapper.xcdatamodel; path = TopAnimeModels.xcdatamodel; sourceTree = "<group>"; };
		AA629913215FD017006C50AB /* CoreDataManager.swift */ = {isa = PBXFileReference; lastKnownFileType = sourcecode.swift; path = CoreDataManager.swift; sourceTree = "<group>"; };
/* End PBXFileReference section */

/* Begin PBXFrameworksBuildPhase section */
		AA6298EF215FA81D006C50AB /* Frameworks */ = {
			isa = PBXFrameworksBuildPhase;
			buildActionMask = 2147483647;
			files = (
			);
			runOnlyForDeploymentPostprocessing = 0;
		};
/* End PBXFrameworksBuildPhase section */

/* Begin PBXGroup section */
		AA017C802168E5FB00370F62 /* Utils */ = {
			isa = PBXGroup;
			children = (
				AA017C812168E61400370F62 /* UIViewController+Extensions.swift */,
			);
			path = Utils;
			sourceTree = "<group>";
		};
		AA017C832168E6AF00370F62 /* Characters */ = {
			isa = PBXGroup;
			children = (
				AA017C7E2168E3DD00370F62 /* CharactersListVC.swift */,
				AA017C842168E6D000370F62 /* CreateCharacterVC.swift */,
				AA017C862168F63900370F62 /* CharactersListVC+CreateCharacter.swift */,
			);
			path = Characters;
			sourceTree = "<group>";
		};
		AA1BB7EF2161720C0038185C /* Animes */ = {
			isa = PBXGroup;
			children = (
				AA017C832168E6AF00370F62 /* Characters */,
				AA6298F7215FA81D006C50AB /* AnimesListVC.swift */,
				AA1BB7ED21616B820038185C /* AnimeCell.swift */,
				AA1BB7F02161746D0038185C /* AnimeListVC+CreateAnime.swift */,
				AA1BB7F2216174E50038185C /* AnimeListVC+UITableView.swift */,
				AA62990B215FB5BA006C50AB /* CreateAnimeVC.swift */,
			);
			path = Animes;
			sourceTree = "<group>";
		};
		AA6298E9215FA81D006C50AB = {
			isa = PBXGroup;
			children = (
				AA629910215FC87A006C50AB /* TopAnimeModels.xcdatamodeld */,
				AA6298F4215FA81D006C50AB /* TopAnime */,
				AA6298F3215FA81D006C50AB /* Products */,
			);
			sourceTree = "<group>";
		};
		AA6298F3215FA81D006C50AB /* Products */ = {
			isa = PBXGroup;
			children = (
				AA6298F2215FA81D006C50AB /* TopAnime.app */,
			);
			name = Products;
			sourceTree = "<group>";
		};
		AA6298F4215FA81D006C50AB /* TopAnime */ = {
			isa = PBXGroup;
			children = (
				AA017C802168E5FB00370F62 /* Utils */,
				AA1BB7EF2161720C0038185C /* Animes */,
				AA6298F5215FA81D006C50AB /* AppDelegate.swift */,
				AA6298F9215FA81D006C50AB /* Main.storyboard */,
				AA6298FC215FA81D006C50AB /* Assets.xcassets */,
				AA6298FE215FA81D006C50AB /* LaunchScreen.storyboard */,
				AA629901215FA81D006C50AB /* Info.plist */,
				AA629907215FB00B006C50AB /* UIColor+Theme.swift */,
				AA629913215FD017006C50AB /* CoreDataManager.swift */,
			);
			path = TopAnime;
			sourceTree = "<group>";
		};
/* End PBXGroup section */

/* Begin PBXNativeTarget section */
		AA6298F1215FA81D006C50AB /* TopAnime */ = {
			isa = PBXNativeTarget;
			buildConfigurationList = AA629904215FA81D006C50AB /* Build configuration list for PBXNativeTarget "TopAnime" */;
			buildPhases = (
				AA6298EE215FA81D006C50AB /* Sources */,
				AA6298EF215FA81D006C50AB /* Frameworks */,
				AA6298F0215FA81D006C50AB /* Resources */,
			);
			buildRules = (
			);
			dependencies = (
			);
			name = TopAnime;
			productName = TopAnime;
			productReference = AA6298F2215FA81D006C50AB /* TopAnime.app */;
			productType = "com.apple.product-type.application";
		};
/* End PBXNativeTarget section */

/* Begin PBXProject section */
		AA6298EA215FA81D006C50AB /* Project object */ = {
			isa = PBXProject;
			attributes = {
				LastSwiftUpdateCheck = 1000;
				LastUpgradeCheck = 1000;
				ORGANIZATIONNAME = mrwash;
				TargetAttributes = {
					AA6298F1215FA81D006C50AB = {
						CreatedOnToolsVersion = 10.0;
					};
				};
			};
			buildConfigurationList = AA6298ED215FA81D006C50AB /* Build configuration list for PBXProject "TopAnime" */;
			compatibilityVersion = "Xcode 9.3";
			developmentRegion = en;
			hasScannedForEncodings = 0;
			knownRegions = (
				en,
				Base,
			);
			mainGroup = AA6298E9215FA81D006C50AB;
			productRefGroup = AA6298F3215FA81D006C50AB /* Products */;
			projectDirPath = "";
			projectRoot = "";
			targets = (
				AA6298F1215FA81D006C50AB /* TopAnime */,
			);
		};
/* End PBXProject section */

/* Begin PBXResourcesBuildPhase section */
		AA6298F0215FA81D006C50AB /* Resources */ = {
			isa = PBXResourcesBuildPhase;
			buildActionMask = 2147483647;
			files = (
				AA629900215FA81D006C50AB /* LaunchScreen.storyboard in Resources */,
				AA6298FD215FA81D006C50AB /* Assets.xcassets in Resources */,
				AA6298FB215FA81D006C50AB /* Main.storyboard in Resources */,
			);
			runOnlyForDeploymentPostprocessing = 0;
		};
/* End PBXResourcesBuildPhase section */

/* Begin PBXSourcesBuildPhase section */
		AA6298EE215FA81D006C50AB /* Sources */ = {
			isa = PBXSourcesBuildPhase;
			buildActionMask = 2147483647;
			files = (
				AA017C872168F63900370F62 /* CharactersListVC+CreateCharacter.swift in Sources */,
				AA629908215FB00B006C50AB /* UIColor+Theme.swift in Sources */,
				AA6298F8215FA81D006C50AB /* AnimesListVC.swift in Sources */,
				AA6298F6215FA81D006C50AB /* AppDelegate.swift in Sources */,
				AA1BB7F12161746D0038185C /* AnimeListVC+CreateAnime.swift in Sources */,
				AA1BB7F3216174E50038185C /* AnimeListVC+UITableView.swift in Sources */,
				AA1BB7EE21616B820038185C /* AnimeCell.swift in Sources */,
				AA017C822168E61400370F62 /* UIViewController+Extensions.swift in Sources */,
				AA629912215FC87A006C50AB /* TopAnimeModels.xcdatamodeld in Sources */,
				AA629914215FD017006C50AB /* CoreDataManager.swift in Sources */,
				AA017C7F2168E3DD00370F62 /* CharactersListVC.swift in Sources */,
				AA017C852168E6D000370F62 /* CreateCharacterVC.swift in Sources */,
				AA62990C215FB5BA006C50AB /* CreateAnimeVC.swift in Sources */,
			);
			runOnlyForDeploymentPostprocessing = 0;
		};
/* End PBXSourcesBuildPhase section */

/* Begin PBXVariantGroup section */
		AA6298F9215FA81D006C50AB /* Main.storyboard */ = {
			isa = PBXVariantGroup;
			children = (
				AA6298FA215FA81D006C50AB /* Base */,
			);
			name = Main.storyboard;
			sourceTree = "<group>";
		};
		AA6298FE215FA81D006C50AB /* LaunchScreen.storyboard */ = {
			isa = PBXVariantGroup;
			children = (
				AA6298FF215FA81D006C50AB /* Base */,
			);
			name = LaunchScreen.storyboard;
			sourceTree = "<group>";
		};
/* End PBXVariantGroup section */

/* Begin XCBuildConfiguration section */
		AA629902215FA81D006C50AB /* Debug */ = {
			isa = XCBuildConfiguration;
			buildSettings = {
				ALWAYS_SEARCH_USER_PATHS = NO;
				CLANG_ANALYZER_NONNULL = YES;
				CLANG_ANALYZER_NUMBER_OBJECT_CONVERSION = YES_AGGRESSIVE;
				CLANG_CXX_LANGUAGE_STANDARD = "gnu++14";
				CLANG_CXX_LIBRARY = "libc++";
				CLANG_ENABLE_MODULES = YES;
				CLANG_ENABLE_OBJC_ARC = YES;
				CLANG_ENABLE_OBJC_WEAK = YES;
				CLANG_WARN_BLOCK_CAPTURE_AUTORELEASING = YES;
				CLANG_WARN_BOOL_CONVERSION = YES;
				CLANG_WARN_COMMA = YES;
				CLANG_WARN_CONSTANT_CONVERSION = YES;
				CLANG_WARN_DEPRECATED_OBJC_IMPLEMENTATIONS = YES;
				CLANG_WARN_DIRECT_OBJC_ISA_USAGE = YES_ERROR;
				CLANG_WARN_DOCUMENTATION_COMMENTS = YES;
				CLANG_WARN_EMPTY_BODY = YES;
				CLANG_WARN_ENUM_CONVERSION = YES;
				CLANG_WARN_INFINITE_RECURSION = YES;
				CLANG_WARN_INT_CONVERSION = YES;
				CLANG_WARN_NON_LITERAL_NULL_CONVERSION = YES;
				CLANG_WARN_OBJC_IMPLICIT_RETAIN_SELF = YES;
				CLANG_WARN_OBJC_LITERAL_CONVERSION = YES;
				CLANG_WARN_OBJC_ROOT_CLASS = YES_ERROR;
				CLANG_WARN_RANGE_LOOP_ANALYSIS = YES;
				CLANG_WARN_STRICT_PROTOTYPES = YES;
				CLANG_WARN_SUSPICIOUS_MOVE = YES;
				CLANG_WARN_UNGUARDED_AVAILABILITY = YES_AGGRESSIVE;
				CLANG_WARN_UNREACHABLE_CODE = YES;
				CLANG_WARN__DUPLICATE_METHOD_MATCH = YES;
				CODE_SIGN_IDENTITY = "iPhone Developer";
				COPY_PHASE_STRIP = NO;
				DEBUG_INFORMATION_FORMAT = dwarf;
				ENABLE_STRICT_OBJC_MSGSEND = YES;
				ENABLE_TESTABILITY = YES;
				GCC_C_LANGUAGE_STANDARD = gnu11;
				GCC_DYNAMIC_NO_PIC = NO;
				GCC_NO_COMMON_BLOCKS = YES;
				GCC_OPTIMIZATION_LEVEL = 0;
				GCC_PREPROCESSOR_DEFINITIONS = (
					"DEBUG=1",
					"$(inherited)",
				);
				GCC_WARN_64_TO_32_BIT_CONVERSION = YES;
				GCC_WARN_ABOUT_RETURN_TYPE = YES_ERROR;
				GCC_WARN_UNDECLARED_SELECTOR = YES;
				GCC_WARN_UNINITIALIZED_AUTOS = YES_AGGRESSIVE;
				GCC_WARN_UNUSED_FUNCTION = YES;
				GCC_WARN_UNUSED_VARIABLE = YES;
				IPHONEOS_DEPLOYMENT_TARGET = 12.0;
				MTL_ENABLE_DEBUG_INFO = INCLUDE_SOURCE;
				MTL_FAST_MATH = YES;
				ONLY_ACTIVE_ARCH = YES;
				SDKROOT = iphoneos;
				SWIFT_ACTIVE_COMPILATION_CONDITIONS = DEBUG;
				SWIFT_OPTIMIZATION_LEVEL = "-Onone";
			};
			name = Debug;
		};
		AA629903215FA81D006C50AB /* Release */ = {
			isa = XCBuildConfiguration;
			buildSettings = {
				ALWAYS_SEARCH_USER_PATHS = NO;
				CLANG_ANALYZER_NONNULL = YES;
				CLANG_ANALYZER_NUMBER_OBJECT_CONVERSION = YES_AGGRESSIVE;
				CLANG_CXX_LANGUAGE_STANDARD = "gnu++14";
				CLANG_CXX_LIBRARY = "libc++";
				CLANG_ENABLE_MODULES = YES;
				CLANG_ENABLE_OBJC_ARC = YES;
				CLANG_ENABLE_OBJC_WEAK = YES;
				CLANG_WARN_BLOCK_CAPTURE_AUTORELEASING = YES;
				CLANG_WARN_BOOL_CONVERSION = YES;
				CLANG_WARN_COMMA = YES;
				CLANG_WARN_CONSTANT_CONVERSION = YES;
				CLANG_WARN_DEPRECATED_OBJC_IMPLEMENTATIONS = YES;
				CLANG_WARN_DIRECT_OBJC_ISA_USAGE = YES_ERROR;
				CLANG_WARN_DOCUMENTATION_COMMENTS = YES;
				CLANG_WARN_EMPTY_BODY = YES;
				CLANG_WARN_ENUM_CONVERSION = YES;
				CLANG_WARN_INFINITE_RECURSION = YES;
				CLANG_WARN_INT_CONVERSION = YES;
				CLANG_WARN_NON_LITERAL_NULL_CONVERSION = YES;
				CLANG_WARN_OBJC_IMPLICIT_RETAIN_SELF = YES;
				CLANG_WARN_OBJC_LITERAL_CONVERSION = YES;
				CLANG_WARN_OBJC_ROOT_CLASS = YES_ERROR;
				CLANG_WARN_RANGE_LOOP_ANALYSIS = YES;
				CLANG_WARN_STRICT_PROTOTYPES = YES;
				CLANG_WARN_SUSPICIOUS_MOVE = YES;
				CLANG_WARN_UNGUARDED_AVAILABILITY = YES_AGGRESSIVE;
				CLANG_WARN_UNREACHABLE_CODE = YES;
				CLANG_WARN__DUPLICATE_METHOD_MATCH = YES;
				CODE_SIGN_IDENTITY = "iPhone Developer";
				COPY_PHASE_STRIP = NO;
				DEBUG_INFORMATION_FORMAT = "dwarf-with-dsym";
				ENABLE_NS_ASSERTIONS = NO;
				ENABLE_STRICT_OBJC_MSGSEND = YES;
				GCC_C_LANGUAGE_STANDARD = gnu11;
				GCC_NO_COMMON_BLOCKS = YES;
				GCC_WARN_64_TO_32_BIT_CONVERSION = YES;
				GCC_WARN_ABOUT_RETURN_TYPE = YES_ERROR;
				GCC_WARN_UNDECLARED_SELECTOR = YES;
				GCC_WARN_UNINITIALIZED_AUTOS = YES_AGGRESSIVE;
				GCC_WARN_UNUSED_FUNCTION = YES;
				GCC_WARN_UNUSED_VARIABLE = YES;
				IPHONEOS_DEPLOYMENT_TARGET = 12.0;
				MTL_ENABLE_DEBUG_INFO = NO;
				MTL_FAST_MATH = YES;
				SDKROOT = iphoneos;
				SWIFT_COMPILATION_MODE = wholemodule;
				SWIFT_OPTIMIZATION_LEVEL = "-O";
				VALIDATE_PRODUCT = YES;
			};
			name = Release;
		};
		AA629905215FA81D006C50AB /* Debug */ = {
			isa = XCBuildConfiguration;
			buildSettings = {
				ASSETCATALOG_COMPILER_APPICON_NAME = AppIcon;
				CODE_SIGN_STYLE = Automatic;
				DEVELOPMENT_TEAM = 4XYWPHAC5Z;
				INFOPLIST_FILE = TopAnime/Info.plist;
				LD_RUNPATH_SEARCH_PATHS = (
					"$(inherited)",
					"@executable_path/Frameworks",
				);
				PRODUCT_BUNDLE_IDENTIFIER = com.mrwash.TopAnime;
				PRODUCT_NAME = "$(TARGET_NAME)";
				SWIFT_VERSION = 4.2;
				TARGETED_DEVICE_FAMILY = "1,2";
			};
			name = Debug;
		};
		AA629906215FA81D006C50AB /* Release */ = {
			isa = XCBuildConfiguration;
			buildSettings = {
				ASSETCATALOG_COMPILER_APPICON_NAME = AppIcon;
				CODE_SIGN_STYLE = Automatic;
				DEVELOPMENT_TEAM = 4XYWPHAC5Z;
				INFOPLIST_FILE = TopAnime/Info.plist;
				LD_RUNPATH_SEARCH_PATHS = (
					"$(inherited)",
					"@executable_path/Frameworks",
				);
				PRODUCT_BUNDLE_IDENTIFIER = com.mrwash.TopAnime;
				PRODUCT_NAME = "$(TARGET_NAME)";
				SWIFT_VERSION = 4.2;
				TARGETED_DEVICE_FAMILY = "1,2";
			};
			name = Release;
		};
/* End XCBuildConfiguration section */

/* Begin XCConfigurationList section */
		AA6298ED215FA81D006C50AB /* Build configuration list for PBXProject "TopAnime" */ = {
			isa = XCConfigurationList;
			buildConfigurations = (
				AA629902215FA81D006C50AB /* Debug */,
				AA629903215FA81D006C50AB /* Release */,
			);
			defaultConfigurationIsVisible = 0;
			defaultConfigurationName = Release;
		};
		AA629904215FA81D006C50AB /* Build configuration list for PBXNativeTarget "TopAnime" */ = {
			isa = XCConfigurationList;
			buildConfigurations = (
				AA629905215FA81D006C50AB /* Debug */,
				AA629906215FA81D006C50AB /* Release */,
			);
			defaultConfigurationIsVisible = 0;
			defaultConfigurationName = Release;
		};
/* End XCConfigurationList section */

/* Begin XCVersionGroup section */
		AA629910215FC87A006C50AB /* TopAnimeModels.xcdatamodeld */ = {
			isa = XCVersionGroup;
			children = (
				AA629911215FC87A006C50AB /* TopAnimeModels.xcdatamodel */,
			);
			currentVersion = AA629911215FC87A006C50AB /* TopAnimeModels.xcdatamodel */;
			path = TopAnimeModels.xcdatamodeld;
			sourceTree = "<group>";
			versionGroupType = wrapper.xcdatamodel;
		};
/* End XCVersionGroup section */
	};
	rootObject = AA6298EA215FA81D006C50AB /* Project object */;
}
